Microsoft Visual Studio Solution File, Format Version 12.00
# Visual Studio Version 17
VisualStudioVersion = 17.5.2.0
MinimumVisualStudioVersion = 10.0.40219.1
Project("{FAE04EC0-301F-11D3-BF4B-00C04F79EFBC}") = "RFHeatmap", "RFHeatmap.csproj", "{81BE36FF-5F6D-4926-07BD-4DA5915B34AB}"
EndProject
Global
	GlobalSection(SolutionConfigurationPlatforms) = preSolution
		Debug|Any CPU = Debug|Any CPU
		Release|Any CPU = Release|Any CPU
	EndGlobalSection
	GlobalSection(ProjectConfigurationPlatforms) = postSolution
		{81BE36FF-5F6D-4926-07BD-4DA5915B34AB}.Debug|Any CPU.ActiveCfg = Debug|Any CPU
		{81BE36FF-5F6D-4926-07BD-4DA5915B34AB}.Debug|Any CPU.Build.0 = Debug|Any CPU
		{81BE36FF-5F6D-4926-07BD-4DA5915B34AB}.Release|Any CPU.ActiveCfg = Release|Any CPU
		{81BE36FF-5F6D-4926-07BD-4DA5915B34AB}.Release|Any CPU.Build.0 = Release|Any CPU
	EndGlobalSection
	GlobalSection(SolutionProperties) = preSolution
		HideSolutionNode = FALSE
	EndGlobalSection
	GlobalSection(ExtensibilityGlobals) = postSolution
		SolutionGuid = {31608346-C422-4949-9A18-291A765DABB3}
	EndGlobalSection
EndGlobal
